# This file is automatically @generated by Poetry 1.8.3 and should not be changed by hand.

[[package]]
name = "protobuf"
version = "5.28.3"
description = ""
optional = false
python-versions = ">=3.8"
files = [
    {file = "protobuf-5.28.3-cp310-abi3-win32.whl", hash = "sha256:0c4eec6f987338617072592b97943fdbe30d019c56126493111cf24344c1cc24"},
    {file = "protobuf-5.28.3-cp310-abi3-win_amd64.whl", hash = "sha256:91fba8f445723fcf400fdbe9ca796b19d3b1242cd873907979b9ed71e4afe868"},
    {file = "protobuf-5.28.3-cp38-abi3-macosx_10_9_universal2.whl", hash = "sha256:a3f6857551e53ce35e60b403b8a27b0295f7d6eb63d10484f12bc6879c715687"},
    {file = "protobuf-5.28.3-cp38-abi3-manylinux2014_aarch64.whl", hash = "sha256:3fa2de6b8b29d12c61911505d893afe7320ce7ccba4df913e2971461fa36d584"},
    {file = "protobuf-5.28.3-cp38-abi3-manylinux2014_x86_64.whl", hash = "sha256:712319fbdddb46f21abb66cd33cb9e491a5763b2febd8f228251add221981135"},
    {file = "protobuf-5.28.3-cp38-cp38-win32.whl", hash = "sha256:3e6101d095dfd119513cde7259aa703d16c6bbdfae2554dfe5cfdbe94e32d548"},
    {file = "protobuf-5.28.3-cp38-cp38-win_amd64.whl", hash = "sha256:27b246b3723692bf1068d5734ddaf2fccc2cdd6e0c9b47fe099244d80200593b"},
    {file = "protobuf-5.28.3-cp39-cp39-win32.whl", hash = "sha256:135658402f71bbd49500322c0f736145731b16fc79dc8f367ab544a17eab4535"},
    {file = "protobuf-5.28.3-cp39-cp39-win_amd64.whl", hash = "sha256:70585a70fc2dd4818c51287ceef5bdba6387f88a578c86d47bb34669b5552c36"},
    {file = "protobuf-5.28.3-py3-none-any.whl", hash = "sha256:cee1757663fa32a1ee673434fcf3bf24dd54763c79690201208bafec62f19eed"},
    {file = "protobuf-5.28.3.tar.gz", hash = "sha256:64badbc49180a5e401f373f9ce7ab1d18b63f7dd4a9cdc43c92b9f0b481cef7b"},
]

[[package]]
name = "temporalio"
version = "1.8.0"
description = "Temporal.io Python SDK"
optional = false
python-versions = "<4.0,>=3.8"
files = [
    {file = "temporalio-1.8.0-cp38-abi3-macosx_10_9_x86_64.whl", hash = "sha256:c6acb217d4bd7297389db756dd9da73ef2bae17f6afee1faa8bf77be200e8b93"},
    {file = "temporalio-1.8.0-cp38-abi3-macosx_11_0_arm64.whl", hash = "sha256:6ec61660631b2513ce710b468068135280996af105571126295c9645bf29ee22"},
    {file = "temporalio-1.8.0-cp38-abi3-manylinux2014_aarch64.manylinux_2_17_aarch64.whl", hash = "sha256:4ee13d155dc917e7792b87d1e37b1a0e837c361deb722ccc294edaa5344f2fa2"},
    {file = "temporalio-1.8.0-cp38-abi3-manylinux2014_x86_64.manylinux_2_17_x86_64.whl", hash = "sha256:6b67c115b6eaceddae373dc2c597e5ad5dd567282f4bb0ee63c99124f5f0c12d"},
    {file = "temporalio-1.8.0-cp38-abi3-win_amd64.whl", hash = "sha256:6a45571c09859b6cbf33be26dd5d5fab7e7ee3625750a7b91ebde5770e61015b"},
    {file = "temporalio-1.8.0.tar.gz", hash = "sha256:b9e239b8bfd60126a4b591c6e2e691392b69afc8cac9db452d692654bf85f9cc"},
]

[package.dependencies]
protobuf = ">=3.20"
types-protobuf = ">=3.20"
typing-extensions = ">=4.2.0,<5.0.0"

[package.extras]
grpc = ["grpcio (>=1.59.0,<2.0.0)"]
opentelemetry = ["opentelemetry-api (>=1.11.1,<2.0.0)", "opentelemetry-sdk (>=1.11.1,<2.0.0)"]

[[package]]
name = "types-protobuf"
version = "5.28.0.20240924"
description = "Typing stubs for protobuf"
optional = false
python-versions = ">=3.8"
files = [
    {file = "types-protobuf-5.28.0.20240924.tar.gz", hash = "sha256:d181af8a256e5a91ce8d5adb53496e880efd9144c7d54483e3653332b60296f0"},
    {file = "types_protobuf-5.28.0.20240924-py3-none-any.whl", hash = "sha256:5cecf612ccdefb7dc95f7a51fb502902f20fc2e6681cd500184aaa1b3931d6a7"},
]

[[package]]
name = "typing-extensions"
version = "4.12.2"
description = "Backported and Experimental Type Hints for Python 3.8+"
optional = false
python-versions = ">=3.8"
files = [
    {file = "typing_extensions-4.12.2-py3-none-any.whl", hash = "sha256:04e5ca0351e0f3f85c6853954072df659d0d13fac324d0072316b67d7794700d"},
    {file = "typing_extensions-4.12.2.tar.gz", hash = "sha256:1a7ead55c7e559dd4dee8856e3a88b41225abfe1ce8df57b7c13915fe121ffb8"},
]

[metadata]
lock-version = "2.0"
python-versions = "^3.12"
content-hash = "159f518308ae4919f8fbe02345a65d36ad69d3dbb55e4b18c2e824c35ac7c24d"
