version = 1
revision = 3
requires-python = ">=3.11"

[[package]]
name = "nexus-rpc"
version = "1.3.0"
source = { registry = "https://pypi.org/simple" }
dependencies = [
    { name = "typing-extensions" },
]
sdist = { url = "https://files.pythonhosted.org/packages/2e/f2/d54f5c03d8f4672ccc0875787a385f53dcb61f98a8ae594b5620e85b9cb3/nexus_rpc-1.3.0.tar.gz", hash = "sha256:e56d3b57b60d707ce7a72f83f23f106b86eca1043aa658e44582ab5ff30ab9ad", size = 75650, upload-time = "2025-12-08T22:59:13.002Z" }
wheels = [
    { url = "https://files.pythonhosted.org/packages/d6/74/0afd841de3199c148146c1d43b4bfb5605b2f1dc4c9a9087fe395091ea5a/nexus_rpc-1.3.0-py3-none-any.whl", hash = "sha256:aee0707b4861b22d8124ecb3f27d62dafbe8777dc50c66c91e49c006f971b92d", size = 28873, upload-time = "2025-12-08T22:59:12.024Z" },
]

[[package]]
name = "order-management-app-python"
version = "0.1.0"
source = { virtual = "." }
dependencies = [
    { name = "temporalio" },
]

[package.metadata]
requires-dist = [{ name = "temporalio", specifier = ">=1.21.1" }]

[[package]]
name = "protobuf"
version = "6.33.2"
source = { registry = "https://pypi.org/simple" }
sdist = { url = "https://files.pythonhosted.org/packages/34/44/e49ecff446afeec9d1a66d6bbf9adc21e3c7cea7803a920ca3773379d4f6/protobuf-6.33.2.tar.gz", hash = "sha256:56dc370c91fbb8ac85bc13582c9e373569668a290aa2e66a590c2a0d35ddb9e4", size = 444296, upload-time = "2025-12-06T00:17:53.311Z" }
wheels = [
    { url = "https://files.pythonhosted.org/packages/bc/91/1e3a34881a88697a7354ffd177e8746e97a722e5e8db101544b47e84afb1/protobuf-6.33.2-cp310-abi3-win32.whl", hash = "sha256:87eb388bd2d0f78febd8f4c8779c79247b26a5befad525008e49a6955787ff3d", size = 425603, upload-time = "2025-12-06T00:17:41.114Z" },
    { url = "https://files.pythonhosted.org/packages/64/20/4d50191997e917ae13ad0a235c8b42d8c1ab9c3e6fd455ca16d416944355/protobuf-6.33.2-cp310-abi3-win_amd64.whl", hash = "sha256:fc2a0e8b05b180e5fc0dd1559fe8ebdae21a27e81ac77728fb6c42b12c7419b4", size = 436930, upload-time = "2025-12-06T00:17:43.278Z" },
    { url = "https://files.pythonhosted.org/packages/b2/ca/7e485da88ba45c920fb3f50ae78de29ab925d9e54ef0de678306abfbb497/protobuf-6.33.2-cp39-abi3-macosx_10_9_universal2.whl", hash = "sha256:d9b19771ca75935b3a4422957bc518b0cecb978b31d1dd12037b088f6bcc0e43", size = 427621, upload-time = "2025-12-06T00:17:44.445Z" },
    { url = "https://files.pythonhosted.org/packages/7d/4f/f743761e41d3b2b2566748eb76bbff2b43e14d5fcab694f494a16458b05f/protobuf-6.33.2-cp39-abi3-manylinux2014_aarch64.whl", hash = "sha256:b5d3b5625192214066d99b2b605f5783483575656784de223f00a8d00754fc0e", size = 324460, upload-time = "2025-12-06T00:17:45.678Z" },
    { url = "https://files.pythonhosted.org/packages/b1/fa/26468d00a92824020f6f2090d827078c09c9c587e34cbfd2d0c7911221f8/protobuf-6.33.2-cp39-abi3-manylinux2014_s390x.whl", hash = "sha256:8cd7640aee0b7828b6d03ae518b5b4806fdfc1afe8de82f79c3454f8aef29872", size = 339168, upload-time = "2025-12-06T00:17:46.813Z" },
    { url = "https://files.pythonhosted.org/packages/56/13/333b8f421738f149d4fe5e49553bc2a2ab75235486259f689b4b91f96cec/protobuf-6.33.2-cp39-abi3-manylinux2014_x86_64.whl", hash = "sha256:1f8017c48c07ec5859106533b682260ba3d7c5567b1ca1f24297ce03384d1b4f", size = 323270, upload-time = "2025-12-06T00:17:48.253Z" },
    { url = "https://files.pythonhosted.org/packages/0e/15/4f02896cc3df04fc465010a4c6a0cd89810f54617a32a70ef531ed75d61c/protobuf-6.33.2-py3-none-any.whl", hash = "sha256:7636aad9bb01768870266de5dc009de2d1b936771b38a793f73cbbf279c91c5c", size = 170501, upload-time = "2025-12-06T00:17:52.211Z" },
]

[[package]]
name = "temporalio"
version = "1.21.1"
source = { registry = "https://pypi.org/simple" }
dependencies = [
    { name = "nexus-rpc" },
    { name = "protobuf" },
    { name = "types-protobuf" },
    { name = "typing-extensions" },
]
sdist = { url = "https://files.pythonhosted.org/packages/1b/9c/b4faa1f5ebb7cc7c264456012cbad083ea3f350abe6ea0921584ab46a51e/temporalio-1.21.1.tar.gz", hash = "sha256:9d4fbfd5d8cf1afdbf9e9c34f68158073904cee227eb602602ed86c39e992bd8", size = 1854258, upload-time = "2025-12-19T22:10:20.787Z" }
wheels = [
    { url = "https://files.pythonhosted.org/packages/db/87/61b9e53cb5f71ca4474e30c8454be9c3622da7f72109b6d4de9b47490d4c/temporalio-1.21.1-cp310-abi3-macosx_10_12_x86_64.whl", hash = "sha256:476c575a8eb16ee0ebc388de42c8582465c5b2e01e6c662b23585b96afdda29e", size = 12034086, upload-time = "2025-12-19T22:10:00.615Z" },
    { url = "https://files.pythonhosted.org/packages/9d/ac/d7354048cc02de74cb11edf8d339c1579ffd9080c47782d0c1bf4d78df66/temporalio-1.21.1-cp310-abi3-macosx_11_0_arm64.whl", hash = "sha256:1ba3980d6dff925aeff09d7de0bf82336a2c0159096801e9e755e0f01524a9a7", size = 11553488, upload-time = "2025-12-19T22:10:05.209Z" },
    { url = "https://files.pythonhosted.org/packages/52/c2/7cabddc869ccd12cb9b9abdb94277eb401bcaa23185383d8861482b15ac2/temporalio-1.21.1-cp310-abi3-manylinux_2_17_aarch64.manylinux2014_aarch64.whl", hash = "sha256:38dd23396e7a8acad1419873d189e2ae49ae4357b1c2a005f19e94aaaf702f90", size = 11809946, upload-time = "2025-12-19T22:10:09.443Z" },
    { url = "https://files.pythonhosted.org/packages/ca/72/4f0b647c6b4b9467dbcd4d7aa69a714bdd63731c7cb6798daade8ad8786d/temporalio-1.21.1-cp310-abi3-manylinux_2_17_x86_64.manylinux2014_x86_64.whl", hash = "sha256:b3f62aabb4df8855e40a1f66bd2b9d9226ebb4e2641377dceaf4eab4aaf708a6", size = 12144443, upload-time = "2025-12-19T22:10:14.387Z" },
    { url = "https://files.pythonhosted.org/packages/b5/b2/cf5402ab0b962d3f017190dcadebbbffa43f94b9513014aa39e790fc0a1e/temporalio-1.21.1-cp310-abi3-win_amd64.whl", hash = "sha256:a9bebb9f55f287b44fc88e9446e3abf1f91c7e6bff1842b40b04260ce6d9ce24", size = 12692499, upload-time = "2025-12-19T22:10:18.561Z" },
]

[[package]]
name = "types-protobuf"
version = "6.32.1.20251210"
source = { registry = "https://pypi.org/simple" }
sdist = { url = "https://files.pythonhosted.org/packages/c2/59/c743a842911887cd96d56aa8936522b0cd5f7a7f228c96e81b59fced45be/types_protobuf-6.32.1.20251210.tar.gz", hash = "sha256:c698bb3f020274b1a2798ae09dc773728ce3f75209a35187bd11916ebfde6763", size = 63900, upload-time = "2025-12-10T03:14:25.451Z" }
wheels = [
    { url = "https://files.pythonhosted.org/packages/aa/43/58e75bac4219cbafee83179505ff44cae3153ec279be0e30583a73b8f108/types_protobuf-6.32.1.20251210-py3-none-any.whl", hash = "sha256:2641f78f3696822a048cfb8d0ff42ccd85c25f12f871fbebe86da63793692140", size = 77921, upload-time = "2025-12-10T03:14:24.477Z" },
]

[[package]]
name = "typing-extensions"
version = "4.15.0"
source = { registry = "https://pypi.org/simple" }
sdist = { url = "https://files.pythonhosted.org/packages/72/94/1a15dd82efb362ac84269196e94cf00f187f7ed21c242792a923cdb1c61f/typing_extensions-4.15.0.tar.gz", hash = "sha256:0cea48d173cc12fa28ecabc3b837ea3cf6f38c6d1136f85cbaaf598984861466", size = 109391, upload-time = "2025-08-25T13:49:26.313Z" }
wheels = [
    { url = "https://files.pythonhosted.org/packages/18/67/36e9267722cc04a6b9f15c7f3441c2363321a3ea07da7ae0c0707beb2a9c/typing_extensions-4.15.0-py3-none-any.whl", hash = "sha256:f0fa19c6845758ab08074a0cfa8b7aecb71c999ca73d62883bc25cc018c4e548", size = 44614, upload-time = "2025-08-25T13:49:24.86Z" },
]
